
Microsoft Visual Studio Solution File, Format Version 12.00
# Visual Studio Version 17
VisualStudioVersion = 17.14.36623.8
MinimumVisualStudioVersion = 10.0.40219.1
Project("{FAE04EC0-301F-11D3-BF4B-00C04F79EFBC}") = "ECommerceShippingModule.Api", "ECommerceShippingModule.Api\ECommerceShippingModule.Api.csproj", "{BA5B641A-DE09-4826-861E-CAC70ECF49E3}"
EndProject
Project("{FAE04EC0-301F-11D3-BF4B-00C04F79EFBC}") = "ECommerceShippingModule.Infra", "ECommerceShippingModule.Infra\ECommerceShippingModule.Infra.csproj", "{370D883E-7A6A-4777-B107-D57D71CBB9A1}"
EndProject
Project("{FAE04EC0-301F-11D3-BF4B-00C04F79EFBC}") = "ECommerceShippingModule.Domain", "ECommerceShippingModule.Domain\ECommerceShippingModule.Domain.csproj", "{564BEB92-FE6E-41A1-8BE1-16626EE04A24}"
EndProject
Project("{FAE04EC0-301F-11D3-BF4B-00C04F79EFBC}") = "ECommerceShippingModule.Application", "ECommerceShippingModule.Application\ECommerceShippingModule.Application.csproj", "{F3D31880-CA95-4813-A78B-ABAA8C29BFD8}"
EndProject
Project("{FAE04EC0-301F-11D3-BF4B-00C04F79EFBC}") = "ECommerceShippingModule.Tests", "ECommerceShippingModule.Tests\ECommerceShippingModule.Tests.csproj", "{91F167A8-CCE7-41BA-B017-FA1208E45027}"
EndProject
Global
	GlobalSection(SolutionConfigurationPlatforms) = preSolution
		Debug|Any CPU = Debug|Any CPU
		Release|Any CPU = Release|Any CPU
	EndGlobalSection
	GlobalSection(ProjectConfigurationPlatforms) = postSolution
		{BA5B641A-DE09-4826-861E-CAC70ECF49E3}.Debug|Any CPU.ActiveCfg = Debug|Any CPU
		{BA5B641A-DE09-4826-861E-CAC70ECF49E3}.Debug|Any CPU.Build.0 = Debug|Any CPU
		{BA5B641A-DE09-4826-861E-CAC70ECF49E3}.Release|Any CPU.ActiveCfg = Release|Any CPU
		{BA5B641A-DE09-4826-861E-CAC70ECF49E3}.Release|Any CPU.Build.0 = Release|Any CPU
		{370D883E-7A6A-4777-B107-D57D71CBB9A1}.Debug|Any CPU.ActiveCfg = Debug|Any CPU
		{370D883E-7A6A-4777-B107-D57D71CBB9A1}.Debug|Any CPU.Build.0 = Debug|Any CPU
		{370D883E-7A6A-4777-B107-D57D71CBB9A1}.Release|Any CPU.ActiveCfg = Release|Any CPU
		{370D883E-7A6A-4777-B107-D57D71CBB9A1}.Release|Any CPU.Build.0 = Release|Any CPU
		{564BEB92-FE6E-41A1-8BE1-16626EE04A24}.Debug|Any CPU.ActiveCfg = Debug|Any CPU
		{564BEB92-FE6E-41A1-8BE1-16626EE04A24}.Debug|Any CPU.Build.0 = Debug|Any CPU
		{564BEB92-FE6E-41A1-8BE1-16626EE04A24}.Release|Any CPU.ActiveCfg = Release|Any CPU
		{564BEB92-FE6E-41A1-8BE1-16626EE04A24}.Release|Any CPU.Build.0 = Release|Any CPU
		{F3D31880-CA95-4813-A78B-ABAA8C29BFD8}.Debug|Any CPU.ActiveCfg = Debug|Any CPU
		{F3D31880-CA95-4813-A78B-ABAA8C29BFD8}.Debug|Any CPU.Build.0 = Debug|Any CPU
		{F3D31880-CA95-4813-A78B-ABAA8C29BFD8}.Release|Any CPU.ActiveCfg = Release|Any CPU
		{F3D31880-CA95-4813-A78B-ABAA8C29BFD8}.Release|Any CPU.Build.0 = Release|Any CPU
		{91F167A8-CCE7-41BA-B017-FA1208E45027}.Debug|Any CPU.ActiveCfg = Debug|Any CPU
		{91F167A8-CCE7-41BA-B017-FA1208E45027}.Debug|Any CPU.Build.0 = Debug|Any CPU
		{91F167A8-CCE7-41BA-B017-FA1208E45027}.Release|Any CPU.ActiveCfg = Release|Any CPU
		{91F167A8-CCE7-41BA-B017-FA1208E45027}.Release|Any CPU.Build.0 = Release|Any CPU
	EndGlobalSection
	GlobalSection(SolutionProperties) = preSolution
		HideSolutionNode = FALSE
	EndGlobalSection
	GlobalSection(ExtensibilityGlobals) = postSolution
		SolutionGuid = {399047A5-5A29-469E-8DE9-967DB3448E30}
	EndGlobalSection
EndGlobal
